// !$*UTF8*$!
{
	archiveVersion = 1;
	classes = {
	};
	objectVersion = 48;
	objects = {

/* Begin PBXBuildFile section */
		1FCDC24215E3E65942A5D7D8 /* Pods_tumblrfeedTests.framework in Frameworks */ = {isa = PBXBuildFile; fileRef = D1EE2F1ABFF909007B97035A /* Pods_tumblrfeedTests.framework */; };
		6CE0C7A2E68B27AF74A22757 /* Pods_tumblrfeed.framework in Frameworks */ = {isa = PBXBuildFile; fileRef = 66817E8C8EDCE71D44D6075A /* Pods_tumblrfeed.framework */; };
		9D0CAD9B2022E9320028B12B /* PhotoCell.swift in Sources */ = {isa = PBXBuildFile; fileRef = 9D0CAD9A2022E9320028B12B /* PhotoCell.swift */; };
		9D6F71D02021BA720017AA73 /* PhotosViewController.swift in Sources */ = {isa = PBXBuildFile; fileRef = 9D6F71CF2021BA720017AA73 /* PhotosViewController.swift */; };
		9D94D0072021B57800CFDC22 /* AppDelegate.swift in Sources */ = {isa = PBXBuildFile; fileRef = 9D94D0062021B57800CFDC22 /* AppDelegate.swift */; };
		9D94D00C2021B57800CFDC22 /* Main.storyboard in Resources */ = {isa = PBXBuildFile; fileRef = 9D94D00A2021B57800CFDC22 /* Main.storyboard */; };
		9D94D00E2021B57800CFDC22 /* Assets.xcassets in Resources */ = {isa = PBXBuildFile; fileRef = 9D94D00D2021B57800CFDC22 /* Assets.xcassets */; };
		9D94D0112021B57800CFDC22 /* LaunchScreen.storyboard in Resources */ = {isa = PBXBuildFile; fileRef = 9D94D00F2021B57800CFDC22 /* LaunchScreen.storyboard */; };
		9D94D01C2021B57800CFDC22 /* tumblrfeedTests.swift in Sources */ = {isa = PBXBuildFile; fileRef = 9D94D01B2021B57800CFDC22 /* tumblrfeedTests.swift */; };
		9D94D0272021B57800CFDC22 /* tumblrfeedUITests.swift in Sources */ = {isa = PBXBuildFile; fileRef = 9D94D0262021B57800CFDC22 /* tumblrfeedUITests.swift */; };
		E125A7C6149EDBF4F58DF92E /* Pods_tumblrfeedUITests.framework in Frameworks */ = {isa = PBXBuildFile; fileRef = 97558D978435C4736BE895FB /* Pods_tumblrfeedUITests.framework */; };
/* End PBXBuildFile section */

/* Begin PBXContainerItemProxy section */
		9D94D0182021B57800CFDC22 /* PBXContainerItemProxy */ = {
			isa = PBXContainerItemProxy;
			containerPortal = 9D94CFFB2021B57800CFDC22 /* Project object */;
			proxyType = 1;
			remoteGlobalIDString = 9D94D0022021B57800CFDC22;
			remoteInfo = tumblrfeed;
		};
		9D94D0232021B57800CFDC22 /* PBXContainerItemProxy */ = {
			isa = PBXContainerItemProxy;
			containerPortal = 9D94CFFB2021B57800CFDC22 /* Project object */;
			proxyType = 1;
			remoteGlobalIDString = 9D94D0022021B57800CFDC22;
			remoteInfo = tumblrfeed;
		};
/* End PBXContainerItemProxy section */

/* Begin PBXFileReference section */
		66817E8C8EDCE71D44D6075A /* Pods_tumblrfeed.framework */ = {isa = PBXFileReference; explicitFileType = wrapper.framework; includeInIndex = 0; path = Pods_tumblrfeed.framework; sourceTree = BUILT_PRODUCTS_DIR; };
		6C1F68F6361317ACD4342981 /* Pods-tumblrfeed.debug.xcconfig */ = {isa = PBXFileReference; includeInIndex = 1; lastKnownFileType = text.xcconfig; name = "Pods-tumblrfeed.debug.xcconfig"; path = "Pods/Target Support Files/Pods-tumblrfeed/Pods-tumblrfeed.debug.xcconfig"; sourceTree = "<group>"; };
		751C7B50C9E961BEAD6D68A8 /* Pods-tumblrfeed.release.xcconfig */ = {isa = PBXFileReference; includeInIndex = 1; lastKnownFileType = text.xcconfig; name = "Pods-tumblrfeed.release.xcconfig"; path = "Pods/Target Support Files/Pods-tumblrfeed/Pods-tumblrfeed.release.xcconfig"; sourceTree = "<group>"; };
		7AC8427B2359D677398600DE /* Pods-tumblrfeedTests.release.xcconfig */ = {isa = PBXFileReference; includeInIndex = 1; lastKnownFileType = text.xcconfig; name = "Pods-tumblrfeedTests.release.xcconfig"; path = "Pods/Target Support Files/Pods-tumblrfeedTests/Pods-tumblrfeedTests.release.xcconfig"; sourceTree = "<group>"; };
		97558D978435C4736BE895FB /* Pods_tumblrfeedUITests.framework */ = {isa = PBXFileReference; explicitFileType = wrapper.framework; includeInIndex = 0; path = Pods_tumblrfeedUITests.framework; sourceTree = BUILT_PRODUCTS_DIR; };
		9D0CAD9A2022E9320028B12B /* PhotoCell.swift */ = {isa = PBXFileReference; lastKnownFileType = sourcecode.swift; path = PhotoCell.swift; sourceTree = "<group>"; };
		9D6F71CF2021BA720017AA73 /* PhotosViewController.swift */ = {isa = PBXFileReference; lastKnownFileType = sourcecode.swift; path = PhotosViewController.swift; sourceTree = "<group>"; };
		9D94D0032021B57800CFDC22 /* tumblrfeed.app */ = {isa = PBXFileReference; explicitFileType = wrapper.application; includeInIndex = 0; path = tumblrfeed.app; sourceTree = BUILT_PRODUCTS_DIR; };
		9D94D0062021B57800CFDC22 /* AppDelegate.swift */ = {isa = PBXFileReference; lastKnownFileType = sourcecode.swift; path = AppDelegate.swift; sourceTree = "<group>"; };
		9D94D00B2021B57800CFDC22 /* Base */ = {isa = PBXFileReference; lastKnownFileType = file.storyboard; name = Base; path = Base.lproj/Main.storyboard; sourceTree = "<group>"; };
		9D94D00D2021B57800CFDC22 /* Assets.xcassets */ = {isa = PBXFileReference; lastKnownFileType = folder.assetcatalog; path = Assets.xcassets; sourceTree = "<group>"; };
		9D94D0102021B57800CFDC22 /* Base */ = {isa = PBXFileReference; lastKnownFileType = file.storyboard; name = Base; path = Base.lproj/LaunchScreen.storyboard; sourceTree = "<group>"; };
		9D94D0122021B57800CFDC22 /* Info.plist */ = {isa = PBXFileReference; lastKnownFileType = text.plist.xml; path = Info.plist; sourceTree = "<group>"; };
		9D94D0172021B57800CFDC22 /* tumblrfeedTests.xctest */ = {isa = PBXFileReference; explicitFileType = wrapper.cfbundle; includeInIndex = 0; path = tumblrfeedTests.xctest; sourceTree = BUILT_PRODUCTS_DIR; };
		9D94D01B2021B57800CFDC22 /* tumblrfeedTests.swift */ = {isa = PBXFileReference; lastKnownFileType = sourcecode.swift; path = tumblrfeedTests.swift; sourceTree = "<group>"; };
		9D94D01D2021B57800CFDC22 /* Info.plist */ = {isa = PBXFileReference; lastKnownFileType = text.plist.xml; path = Info.plist; sourceTree = "<group>"; };
		9D94D0222021B57800CFDC22 /* tumblrfeedUITests.xctest */ = {isa = PBXFileReference; explicitFileType = wrapper.cfbundle; includeInIndex = 0; path = tumblrfeedUITests.xctest; sourceTree = BUILT_PRODUCTS_DIR; };
		9D94D0262021B57800CFDC22 /* tumblrfeedUITests.swift */ = {isa = PBXFileReference; lastKnownFileType = sourcecode.swift; path = tumblrfeedUITests.swift; sourceTree = "<group>"; };
		9D94D0282021B57800CFDC22 /* Info.plist */ = {isa = PBXFileReference; lastKnownFileType = text.plist.xml; path = Info.plist; sourceTree = "<group>"; };
		A2F2196C8B33CCACA09E13CC /* Pods-tumblrfeedUITests.release.xcconfig */ = {isa = PBXFileReference; includeInIndex = 1; lastKnownFileType = text.xcconfig; name = "Pods-tumblrfeedUITests.release.xcconfig"; path = "Pods/Target Support Files/Pods-tumblrfeedUITests/Pods-tumblrfeedUITests.release.xcconfig"; sourceTree = "<group>"; };
		D1EE2F1ABFF909007B97035A /* Pods_tumblrfeedTests.framework */ = {isa = PBXFileReference; explicitFileType = wrapper.framework; includeInIndex = 0; path = Pods_tumblrfeedTests.framework; sourceTree = BUILT_PRODUCTS_DIR; };
		D7277038355DBE39FB29E38F /* Pods-tumblrfeedTests.debug.xcconfig */ = {isa = PBXFileReference; includeInIndex = 1; lastKnownFileType = text.xcconfig; name = "Pods-tumblrfeedTests.debug.xcconfig"; path = "Pods/Target Support Files/Pods-tumblrfeedTests/Pods-tumblrfeedTests.debug.xcconfig"; sourceTree = "<group>"; };
		EA85D8D7C8602A770E228D66 /* Pods-tumblrfeedUITests.debug.xcconfig */ = {isa = PBXFileReference; includeInIndex = 1; lastKnownFileType = text.xcconfig; name = "Pods-tumblrfeedUITests.debug.xcconfig"; path = "Pods/Target Support Files/Pods-tumblrfeedUITests/Pods-tumblrfeedUITests.debug.xcconfig"; sourceTree = "<group>"; };
/* End PBXFileReference section */

/* Begin PBXFrameworksBuildPhase section */
		9D94D0002021B57800CFDC22 /* Frameworks */ = {
			isa = PBXFrameworksBuildPhase;
			buildActionMask = 2147483647;
			files = (
				6CE0C7A2E68B27AF74A22757 /* Pods_tumblrfeed.framework in Frameworks */,
			);
			runOnlyForDeploymentPostprocessing = 0;
		};
		9D94D0142021B57800CFDC22 /* Frameworks */ = {
			isa = PBXFrameworksBuildPhase;
			buildActionMask = 2147483647;
			files = (
				1FCDC24215E3E65942A5D7D8 /* Pods_tumblrfeedTests.framework in Frameworks */,
			);
			runOnlyForDeploymentPostprocessing = 0;
		};
		9D94D01F2021B57800CFDC22 /* Frameworks */ = {
			isa = PBXFrameworksBuildPhase;
			buildActionMask = 2147483647;
			files = (
				E125A7C6149EDBF4F58DF92E /* Pods_tumblrfeedUITests.framework in Frameworks */,
			);
			runOnlyForDeploymentPostprocessing = 0;
		};
/* End PBXFrameworksBuildPhase section */

/* Begin PBXGroup section */
		9D6F71CE2021B9D30017AA73 /* View Controllers */ = {
			isa = PBXGroup;
			children = (
				9D6F71CF2021BA720017AA73 /* PhotosViewController.swift */,
			);
			path = "View Controllers";
			sourceTree = "<group>";
		};
		9D94CFFA2021B57800CFDC22 = {
			isa = PBXGroup;
			children = (
				9D94D0052021B57800CFDC22 /* tumblrfeed */,
				9D94D01A2021B57800CFDC22 /* tumblrfeedTests */,
				9D94D0252021B57800CFDC22 /* tumblrfeedUITests */,
				9D94D0042021B57800CFDC22 /* Products */,
				BB652EE54D6C8E2FB084EB23 /* Pods */,
				CB8A00D8D13AA545E0E76AF9 /* Frameworks */,
			);
			sourceTree = "<group>";
		};
		9D94D0042021B57800CFDC22 /* Products */ = {
			isa = PBXGroup;
			children = (
				9D94D0032021B57800CFDC22 /* tumblrfeed.app */,
				9D94D0172021B57800CFDC22 /* tumblrfeedTests.xctest */,
				9D94D0222021B57800CFDC22 /* tumblrfeedUITests.xctest */,
			);
			name = Products;
			sourceTree = "<group>";
		};
		9D94D0052021B57800CFDC22 /* tumblrfeed */ = {
			isa = PBXGroup;
			children = (
				9D6F71CE2021B9D30017AA73 /* View Controllers */,
				9D94D0062021B57800CFDC22 /* AppDelegate.swift */,
				9D94D00A2021B57800CFDC22 /* Main.storyboard */,
				9D94D00D2021B57800CFDC22 /* Assets.xcassets */,
				9D94D00F2021B57800CFDC22 /* LaunchScreen.storyboard */,
				9D94D0122021B57800CFDC22 /* Info.plist */,
				9D0CAD9A2022E9320028B12B /* PhotoCell.swift */,
			);
			path = tumblrfeed;
			sourceTree = "<group>";
		};
		9D94D01A2021B57800CFDC22 /* tumblrfeedTests */ = {
			isa = PBXGroup;
			children = (
				9D94D01B2021B57800CFDC22 /* tumblrfeedTests.swift */,
				9D94D01D2021B57800CFDC22 /* Info.plist */,
			);
			path = tumblrfeedTests;
			sourceTree = "<group>";
		};
		9D94D0252021B57800CFDC22 /* tumblrfeedUITests */ = {
			isa = PBXGroup;
			children = (
				9D94D0262021B57800CFDC22 /* tumblrfeedUITests.swift */,
				9D94D0282021B57800CFDC22 /* Info.plist */,
			);
			path = tumblrfeedUITests;
			sourceTree = "<group>";
		};
		BB652EE54D6C8E2FB084EB23 /* Pods */ = {
			isa = PBXGroup;
			children = (
				6C1F68F6361317ACD4342981 /* Pods-tumblrfeed.debug.xcconfig */,
				751C7B50C9E961BEAD6D68A8 /* Pods-tumblrfeed.release.xcconfig */,
				D7277038355DBE39FB29E38F /* Pods-tumblrfeedTests.debug.xcconfig */,
				7AC8427B2359D677398600DE /* Pods-tumblrfeedTests.release.xcconfig */,
				EA85D8D7C8602A770E228D66 /* Pods-tumblrfeedUITests.debug.xcconfig */,
				A2F2196C8B33CCACA09E13CC /* Pods-tumblrfeedUITests.release.xcconfig */,
			);
			name = Pods;
			sourceTree = "<group>";
		};
		CB8A00D8D13AA545E0E76AF9 /* Frameworks */ = {
			isa = PBXGroup;
			children = (
				66817E8C8EDCE71D44D6075A /* Pods_tumblrfeed.framework */,
				D1EE2F1ABFF909007B97035A /* Pods_tumblrfeedTests.framework */,
				97558D978435C4736BE895FB /* Pods_tumblrfeedUITests.framework */,
			);
			name = Frameworks;
			sourceTree = "<group>";
		};
/* End PBXGroup section */

/* Begin PBXNativeTarget section */
		9D94D0022021B57800CFDC22 /* tumblrfeed */ = {
			isa = PBXNativeTarget;
			buildConfigurationList = 9D94D02B2021B57800CFDC22 /* Build configuration list for PBXNativeTarget "tumblrfeed" */;
			buildPhases = (
				527E87146278289ECB0672B7 /* [CP] Check Pods Manifest.lock */,
				9D94CFFF2021B57800CFDC22 /* Sources */,
				9D94D0002021B57800CFDC22 /* Frameworks */,
				9D94D0012021B57800CFDC22 /* Resources */,
				354417FFF8205C00708435E7 /* [CP] Embed Pods Frameworks */,
				BED5D102854BB6C0272A9EFB /* [CP] Copy Pods Resources */,
			);
			buildRules = (
			);
			dependencies = (
			);
			name = tumblrfeed;
			productName = tumblrfeed;
			productReference = 9D94D0032021B57800CFDC22 /* tumblrfeed.app */;
			productType = "com.apple.product-type.application";
		};
		9D94D0162021B57800CFDC22 /* tumblrfeedTests */ = {
			isa = PBXNativeTarget;
			buildConfigurationList = 9D94D02E2021B57800CFDC22 /* Build configuration list for PBXNativeTarget "tumblrfeedTests" */;
			buildPhases = (
				22D9240463E449805228DE53 /* [CP] Check Pods Manifest.lock */,
				9D94D0132021B57800CFDC22 /* Sources */,
				9D94D0142021B57800CFDC22 /* Frameworks */,
				9D94D0152021B57800CFDC22 /* Resources */,
				E17F2560F134C0A9CB2A57B6 /* [CP] Embed Pods Frameworks */,
				80C58ED6EC0494381A6D31AC /* [CP] Copy Pods Resources */,
			);
			buildRules = (
			);
			dependencies = (
				9D94D0192021B57800CFDC22 /* PBXTargetDependency */,
			);
			name = tumblrfeedTests;
			productName = tumblrfeedTests;
			productReference = 9D94D0172021B57800CFDC22 /* tumblrfeedTests.xctest */;
			productType = "com.apple.product-type.bundle.unit-test";
		};
		9D94D0212021B57800CFDC22 /* tumblrfeedUITests */ = {
			isa = PBXNativeTarget;
			buildConfigurationList = 9D94D0312021B57800CFDC22 /* Build configuration list for PBXNativeTarget "tumblrfeedUITests" */;
			buildPhases = (
				A1C7E7821C05BF7E32415A04 /* [CP] Check Pods Manifest.lock */,
				9D94D01E2021B57800CFDC22 /* Sources */,
				9D94D01F2021B57800CFDC22 /* Frameworks */,
				9D94D0202021B57800CFDC22 /* Resources */,
				243883A718A3AD05776B102D /* [CP] Embed Pods Frameworks */,
				347E8845A4A0D92B8E187670 /* [CP] Copy Pods Resources */,
			);
			buildRules = (
			);
			dependencies = (
				9D94D0242021B57800CFDC22 /* PBXTargetDependency */,
			);
			name = tumblrfeedUITests;
			productName = tumblrfeedUITests;
			productReference = 9D94D0222021B57800CFDC22 /* tumblrfeedUITests.xctest */;
			productType = "com.apple.product-type.bundle.ui-testing";
		};
/* End PBXNativeTarget section */

/* Begin PBXProject section */
		9D94CFFB2021B57800CFDC22 /* Project object */ = {
			isa = PBXProject;
			attributes = {
				LastSwiftUpdateCheck = 0920;
				LastUpgradeCheck = 0920;
				ORGANIZATIONNAME = "Christopher Guan";
				TargetAttributes = {
					9D94D0022021B57800CFDC22 = {
						CreatedOnToolsVersion = 9.2;
						ProvisioningStyle = Automatic;
					};
					9D94D0162021B57800CFDC22 = {
						CreatedOnToolsVersion = 9.2;
						ProvisioningStyle = Automatic;
						TestTargetID = 9D94D0022021B57800CFDC22;
					};
					9D94D0212021B57800CFDC22 = {
						CreatedOnToolsVersion = 9.2;
						ProvisioningStyle = Automatic;
						TestTargetID = 9D94D0022021B57800CFDC22;
					};
				};
			};
			buildConfigurationList = 9D94CFFE2021B57800CFDC22 /* Build configuration list for PBXProject "tumblrfeed" */;
			compatibilityVersion = "Xcode 8.0";
			developmentRegion = en;
			hasScannedForEncodings = 0;
			knownRegions = (
				en,
				Base,
			);
			mainGroup = 9D94CFFA2021B57800CFDC22;
			productRefGroup = 9D94D0042021B57800CFDC22 /* Products */;
			projectDirPath = "";
			projectRoot = "";
			targets = (
				9D94D0022021B57800CFDC22 /* tumblrfeed */,
				9D94D0162021B57800CFDC22 /* tumblrfeedTests */,
				9D94D0212021B57800CFDC22 /* tumblrfeedUITests */,
			);
		};
/* End PBXProject section */

/* Begin PBXResourcesBuildPhase section */
		9D94D0012021B57800CFDC22 /* Resources */ = {
			isa = PBXResourcesBuildPhase;
			buildActionMask = 2147483647;
			files = (
				9D94D0112021B57800CFDC22 /* LaunchScreen.storyboard in Resources */,
				9D94D00E2021B57800CFDC22 /* Assets.xcassets in Resources */,
				9D94D00C2021B57800CFDC22 /* Main.storyboard in Resources */,
			);
			runOnlyForDeploymentPostprocessing = 0;
		};
		9D94D0152021B57800CFDC22 /* Resources */ = {
			isa = PBXResourcesBuildPhase;
			buildActionMask = 2147483647;
			files = (
			);
			runOnlyForDeploymentPostprocessing = 0;
		};
		9D94D0202021B57800CFDC22 /* Resources */ = {
			isa = PBXResourcesBuildPhase;
			buildActionMask = 2147483647;
			files = (
			);
			runOnlyForDeploymentPostprocessing = 0;
		};
/* End PBXResourcesBuildPhase section */

/* Begin PBXShellScriptBuildPhase section */
		22D9240463E449805228DE53 /* [CP] Check Pods Manifest.lock */ = {
			isa = PBXShellScriptBuildPhase;
			buildActionMask = 2147483647;
			files = (
			);
			inputPaths = (
				"${PODS_PODFILE_DIR_PATH}/Podfile.lock",
				"${PODS_ROOT}/Manifest.lock",
			);
			name = "[CP] Check Pods Manifest.lock";
			outputPaths = (
				"$(DERIVED_FILE_DIR)/Pods-tumblrfeedTests-checkManifestLockResult.txt",
			);
			runOnlyForDeploymentPostprocessing = 0;
			shellPath = /bin/sh;
			shellScript = "diff \"${PODS_PODFILE_DIR_PATH}/Podfile.lock\" \"${PODS_ROOT}/Manifest.lock\" > /dev/null\nif [ $? != 0 ] ; then\n    # print error to STDERR\n    echo \"error: The sandbox is not in sync with the Podfile.lock. Run 'pod install' or update your CocoaPods installation.\" >&2\n    exit 1\nfi\n# This output is used by Xcode 'outputs' to avoid re-running this script phase.\necho \"SUCCESS\" > \"${SCRIPT_OUTPUT_FILE_0}\"\n";
			showEnvVarsInLog = 0;
		};
		243883A718A3AD05776B102D /* [CP] Embed Pods Frameworks */ = {
			isa = PBXShellScriptBuildPhase;
			buildActionMask = 2147483647;
			files = (
			);
			inputPaths = (
			);
			name = "[CP] Embed Pods Frameworks";
			outputPaths = (
			);
			runOnlyForDeploymentPostprocessing = 0;
			shellPath = /bin/sh;
			shellScript = "\"${SRCROOT}/Pods/Target Support Files/Pods-tumblrfeedUITests/Pods-tumblrfeedUITests-frameworks.sh\"\n";
			showEnvVarsInLog = 0;
		};
		347E8845A4A0D92B8E187670 /* [CP] Copy Pods Resources */ = {
			isa = PBXShellScriptBuildPhase;
			buildActionMask = 2147483647;
			files = (
			);
			inputPaths = (
			);
			name = "[CP] Copy Pods Resources";
			outputPaths = (
			);
			runOnlyForDeploymentPostprocessing = 0;
			shellPath = /bin/sh;
			shellScript = "\"${SRCROOT}/Pods/Target Support Files/Pods-tumblrfeedUITests/Pods-tumblrfeedUITests-resources.sh\"\n";
			showEnvVarsInLog = 0;
		};
		354417FFF8205C00708435E7 /* [CP] Embed Pods Frameworks */ = {
			isa = PBXShellScriptBuildPhase;
			buildActionMask = 2147483647;
			files = (
			);
			inputPaths = (
				"${SRCROOT}/Pods/Target Support Files/Pods-tumblrfeed/Pods-tumblrfeed-frameworks.sh",
				"${BUILT_PRODUCTS_DIR}/Alamofire/Alamofire.framework",
				"${BUILT_PRODUCTS_DIR}/AlamofireImage/AlamofireImage.framework",
			);
			name = "[CP] Embed Pods Frameworks";
			outputPaths = (
				"${TARGET_BUILD_DIR}/${FRAMEWORKS_FOLDER_PATH}/Alamofire.framework",
				"${TARGET_BUILD_DIR}/${FRAMEWORKS_FOLDER_PATH}/AlamofireImage.framework",
			);
			runOnlyForDeploymentPostprocessing = 0;
			shellPath = /bin/sh;
			shellScript = "\"${SRCROOT}/Pods/Target Support Files/Pods-tumblrfeed/Pods-tumblrfeed-frameworks.sh\"\n";
			showEnvVarsInLog = 0;
		};
		527E87146278289ECB0672B7 /* [CP] Check Pods Manifest.lock */ = {
			isa = PBXShellScriptBuildPhase;
			buildActionMask = 2147483647;
			files = (
			);
			inputPaths = (
				"${PODS_PODFILE_DIR_PATH}/Podfile.lock",
				"${PODS_ROOT}/Manifest.lock",
			);
			name = "[CP] Check Pods Manifest.lock";
			outputPaths = (
				"$(DERIVED_FILE_DIR)/Pods-tumblrfeed-checkManifestLockResult.txt",
			);
			runOnlyForDeploymentPostprocessing = 0;
			shellPath = /bin/sh;
			shellScript = "diff \"${PODS_PODFILE_DIR_PATH}/Podfile.lock\" \"${PODS_ROOT}/Manifest.lock\" > /dev/null\nif [ $? != 0 ] ; then\n    # print error to STDERR\n    echo \"error: The sandbox is not in sync with the Podfile.lock. Run 'pod install' or update your CocoaPods installation.\" >&2\n    exit 1\nfi\n# This output is used by Xcode 'outputs' to avoid re-running this script phase.\necho \"SUCCESS\" > \"${SCRIPT_OUTPUT_FILE_0}\"\n";
			showEnvVarsInLog = 0;
		};
		80C58ED6EC0494381A6D31AC /* [CP] Copy Pods Resources */ = {
			isa = PBXShellScriptBuildPhase;
			buildActionMask = 2147483647;
			files = (
			);
			inputPaths = (
			);
			name = "[CP] Copy Pods Resources";
			outputPaths = (
			);
			runOnlyForDeploymentPostprocessing = 0;
			shellPath = /bin/sh;
			shellScript = "\"${SRCROOT}/Pods/Target Support Files/Pods-tumblrfeedTests/Pods-tumblrfeedTests-resources.sh\"\n";
			showEnvVarsInLog = 0;
		};
		A1C7E7821C05BF7E32415A04 /* [CP] Check Pods Manifest.lock */ = {
			isa = PBXShellScriptBuildPhase;
			buildActionMask = 2147483647;
			files = (
			);
			inputPaths = (
				"${PODS_PODFILE_DIR_PATH}/Podfile.lock",
				"${PODS_ROOT}/Manifest.lock",
			);
			name = "[CP] Check Pods Manifest.lock";
			outputPaths = (
				"$(DERIVED_FILE_DIR)/Pods-tumblrfeedUITests-checkManifestLockResult.txt",
			);
			runOnlyForDeploymentPostprocessing = 0;
			shellPath = /bin/sh;
			shellScript = "diff \"${PODS_PODFILE_DIR_PATH}/Podfile.lock\" \"${PODS_ROOT}/Manifest.lock\" > /dev/null\nif [ $? != 0 ] ; then\n    # print error to STDERR\n    echo \"error: The sandbox is not in sync with the Podfile.lock. Run 'pod install' or update your CocoaPods installation.\" >&2\n    exit 1\nfi\n# This output is used by Xcode 'outputs' to avoid re-running this script phase.\necho \"SUCCESS\" > \"${SCRIPT_OUTPUT_FILE_0}\"\n";
			showEnvVarsInLog = 0;
		};
		BED5D102854BB6C0272A9EFB /* [CP] Copy Pods Resources */ = {
			isa = PBXShellScriptBuildPhase;
			buildActionMask = 2147483647;
			files = (
			);
			inputPaths = (
			);
			name = "[CP] Copy Pods Resources";
			outputPaths = (
			);
			runOnlyForDeploymentPostprocessing = 0;
			shellPath = /bin/sh;
			shellScript = "\"${SRCROOT}/Pods/Target Support Files/Pods-tumblrfeed/Pods-tumblrfeed-resources.sh\"\n";
			showEnvVarsInLog = 0;
		};
		E17F2560F134C0A9CB2A57B6 /* [CP] Embed Pods Frameworks */ = {
			isa = PBXShellScriptBuildPhase;
			buildActionMask = 2147483647;
			files = (
			);
			inputPaths = (
			);
			name = "[CP] Embed Pods Frameworks";
			outputPaths = (
			);
			runOnlyForDeploymentPostprocessing = 0;
			shellPath = /bin/sh;
			shellScript = "\"${SRCROOT}/Pods/Target Support Files/Pods-tumblrfeedTests/Pods-tumblrfeedTests-frameworks.sh\"\n";
			showEnvVarsInLog = 0;
		};
/* End PBXShellScriptBuildPhase section */

/* Begin PBXSourcesBuildPhase section */
		9D94CFFF2021B57800CFDC22 /* Sources */ = {
			isa = PBXSourcesBuildPhase;
			buildActionMask = 2147483647;
			files = (
				9D94D0072021B57800CFDC22 /* AppDelegate.swift in Sources */,
				9D0CAD9B2022E9320028B12B /* PhotoCell.swift in Sources */,
				9D6F71D02021BA720017AA73 /* PhotosViewController.swift in Sources */,
			);
			runOnlyForDeploymentPostprocessing = 0;
		};
		9D94D0132021B57800CFDC22 /* Sources */ = {
			isa = PBXSourcesBuildPhase;
			buildActionMask = 2147483647;
			files = (
				9D94D01C2021B57800CFDC22 /* tumblrfeedTests.swift in Sources */,
			);
			runOnlyForDeploymentPostprocessing = 0;
		};
		9D94D01E2021B57800CFDC22 /* Sources */ = {
			isa = PBXSourcesBuildPhase;
			buildActionMask = 2147483647;
			files = (
				9D94D0272021B57800CFDC22 /* tumblrfeedUITests.swift in Sources */,
			);
			runOnlyForDeploymentPostprocessing = 0;
		};
/* End PBXSourcesBuildPhase section */

/* Begin PBXTargetDependency section */
		9D94D0192021B57800CFDC22 /* PBXTargetDependency */ = {
			isa = PBXTargetDependency;
			target = 9D94D0022021B57800CFDC22 /* tumblrfeed */;
			targetProxy = 9D94D0182021B57800CFDC22 /* PBXContainerItemProxy */;
		};
		9D94D0242021B57800CFDC22 /* PBXTargetDependency */ = {
			isa = PBXTargetDependency;
			target = 9D94D0022021B57800CFDC22 /* tumblrfeed */;
			targetProxy = 9D94D0232021B57800CFDC22 /* PBXContainerItemProxy */;
		};
/* End PBXTargetDependency section */

/* Begin PBXVariantGroup section */
		9D94D00A2021B57800CFDC22 /* Main.storyboard */ = {
			isa = PBXVariantGroup;
			children = (
				9D94D00B2021B57800CFDC22 /* Base */,
			);
			name = Main.storyboard;
			sourceTree = "<group>";
		};
		9D94D00F2021B57800CFDC22 /* LaunchScreen.storyboard */ = {
			isa = PBXVariantGroup;
			children = (
				9D94D0102021B57800CFDC22 /* Base */,
			);
			name = LaunchScreen.storyboard;
			sourceTree = "<group>";
		};
/* End PBXVariantGroup section */

/* Begin XCBuildConfiguration section */
		9D94D0292021B57800CFDC22 /* Debug */ = {
			isa = XCBuildConfiguration;
			buildSettings = {
				ALWAYS_SEARCH_USER_PATHS = NO;
				CLANG_ANALYZER_NONNULL = YES;
				CLANG_ANALYZER_NUMBER_OBJECT_CONVERSION = YES_AGGRESSIVE;
				CLANG_CXX_LANGUAGE_STANDARD = "gnu++14";
				CLANG_CXX_LIBRARY = "libc++";
				CLANG_ENABLE_MODULES = YES;
				CLANG_ENABLE_OBJC_ARC = YES;
				CLANG_WARN_BLOCK_CAPTURE_AUTORELEASING = YES;
				CLANG_WARN_BOOL_CONVERSION = YES;
				CLANG_WARN_COMMA = YES;
				CLANG_WARN_CONSTANT_CONVERSION = YES;
				CLANG_WARN_DIRECT_OBJC_ISA_USAGE = YES_ERROR;
				CLANG_WARN_DOCUMENTATION_COMMENTS = YES;
				CLANG_WARN_EMPTY_BODY = YES;
				CLANG_WARN_ENUM_CONVERSION = YES;
				CLANG_WARN_INFINITE_RECURSION = YES;
				CLANG_WARN_INT_CONVERSION = YES;
				CLANG_WARN_NON_LITERAL_NULL_CONVERSION = YES;
				CLANG_WARN_OBJC_LITERAL_CONVERSION = YES;
				CLANG_WARN_OBJC_ROOT_CLASS = YES_ERROR;
				CLANG_WARN_RANGE_LOOP_ANALYSIS = YES;
				CLANG_WARN_STRICT_PROTOTYPES = YES;
				CLANG_WARN_SUSPICIOUS_MOVE = YES;
				CLANG_WARN_UNGUARDED_AVAILABILITY = YES_AGGRESSIVE;
				CLANG_WARN_UNREACHABLE_CODE = YES;
				CLANG_WARN__DUPLICATE_METHOD_MATCH = YES;
				CODE_SIGN_IDENTITY = "iPhone Developer";
				COPY_PHASE_STRIP = NO;
				DEBUG_INFORMATION_FORMAT = dwarf;
				ENABLE_STRICT_OBJC_MSGSEND = YES;
				ENABLE_TESTABILITY = YES;
				GCC_C_LANGUAGE_STANDARD = gnu11;
				GCC_DYNAMIC_NO_PIC = NO;
				GCC_NO_COMMON_BLOCKS = YES;
				GCC_OPTIMIZATION_LEVEL = 0;
				GCC_PREPROCESSOR_DEFINITIONS = (
					"DEBUG=1",
					"$(inherited)",
				);
				GCC_WARN_64_TO_32_BIT_CONVERSION = YES;
				GCC_WARN_ABOUT_RETURN_TYPE = YES_ERROR;
				GCC_WARN_UNDECLARED_SELECTOR = YES;
				GCC_WARN_UNINITIALIZED_AUTOS = YES_AGGRESSIVE;
				GCC_WARN_UNUSED_FUNCTION = YES;
				GCC_WARN_UNUSED_VARIABLE = YES;
				IPHONEOS_DEPLOYMENT_TARGET = 11.2;
				MTL_ENABLE_DEBUG_INFO = YES;
				ONLY_ACTIVE_ARCH = YES;
				SDKROOT = iphoneos;
				SWIFT_ACTIVE_COMPILATION_CONDITIONS = DEBUG;
				SWIFT_OPTIMIZATION_LEVEL = "-Onone";
			};
			name = Debug;
		};
		9D94D02A2021B57800CFDC22 /* Release */ = {
			isa = XCBuildConfiguration;
			buildSettings = {
				ALWAYS_SEARCH_USER_PATHS = NO;
				CLANG_ANALYZER_NONNULL = YES;
				CLANG_ANALYZER_NUMBER_OBJECT_CONVERSION = YES_AGGRESSIVE;
				CLANG_CXX_LANGUAGE_STANDARD = "gnu++14";
				CLANG_CXX_LIBRARY = "libc++";
				CLANG_ENABLE_MODULES = YES;
				CLANG_ENABLE_OBJC_ARC = YES;
				CLANG_WARN_BLOCK_CAPTURE_AUTORELEASING = YES;
				CLANG_WARN_BOOL_CONVERSION = YES;
				CLANG_WARN_COMMA = YES;
				CLANG_WARN_CONSTANT_CONVERSION = YES;
				CLANG_WARN_DIRECT_OBJC_ISA_USAGE = YES_ERROR;
				CLANG_WARN_DOCUMENTATION_COMMENTS = YES;
				CLANG_WARN_EMPTY_BODY = YES;
				CLANG_WARN_ENUM_CONVERSION = YES;
				CLANG_WARN_INFINITE_RECURSION = YES;
				CLANG_WARN_INT_CONVERSION = YES;
				CLANG_WARN_NON_LITERAL_NULL_CONVERSION = YES;
				CLANG_WARN_OBJC_LITERAL_CONVERSION = YES;
				CLANG_WARN_OBJC_ROOT_CLASS = YES_ERROR;
				CLANG_WARN_RANGE_LOOP_ANALYSIS = YES;
				CLANG_WARN_STRICT_PROTOTYPES = YES;
				CLANG_WARN_SUSPICIOUS_MOVE = YES;
				CLANG_WARN_UNGUARDED_AVAILABILITY = YES_AGGRESSIVE;
				CLANG_WARN_UNREACHABLE_CODE = YES;
				CLANG_WARN__DUPLICATE_METHOD_MATCH = YES;
				CODE_SIGN_IDENTITY = "iPhone Developer";
				COPY_PHASE_STRIP = NO;
				DEBUG_INFORMATION_FORMAT = "dwarf-with-dsym";
				ENABLE_NS_ASSERTIONS = NO;
				ENABLE_STRICT_OBJC_MSGSEND = YES;
				GCC_C_LANGUAGE_STANDARD = gnu11;
				GCC_NO_COMMON_BLOCKS = YES;
				GCC_WARN_64_TO_32_BIT_CONVERSION = YES;
				GCC_WARN_ABOUT_RETURN_TYPE = YES_ERROR;
				GCC_WARN_UNDECLARED_SELECTOR = YES;
				GCC_WARN_UNINITIALIZED_AUTOS = YES_AGGRESSIVE;
				GCC_WARN_UNUSED_FUNCTION = YES;
				GCC_WARN_UNUSED_VARIABLE = YES;
				IPHONEOS_DEPLOYMENT_TARGET = 11.2;
				MTL_ENABLE_DEBUG_INFO = NO;
				SDKROOT = iphoneos;
				SWIFT_OPTIMIZATION_LEVEL = "-Owholemodule";
				VALIDATE_PRODUCT = YES;
			};
			name = Release;
		};
		9D94D02C2021B57800CFDC22 /* Debug */ = {
			isa = XCBuildConfiguration;
			baseConfigurationReference = 6C1F68F6361317ACD4342981 /* Pods-tumblrfeed.debug.xcconfig */;
			buildSettings = {
				ASSETCATALOG_COMPILER_APPICON_NAME = AppIcon;
				CODE_SIGN_STYLE = Automatic;
				INFOPLIST_FILE = tumblrfeed/Info.plist;
				LD_RUNPATH_SEARCH_PATHS = "$(inherited) @executable_path/Frameworks";
				PRODUCT_BUNDLE_IDENTIFIER = com.codepath.tumblrfeed;
				PRODUCT_NAME = "$(TARGET_NAME)";
				SWIFT_VERSION = 4.0;
				TARGETED_DEVICE_FAMILY = "1,2";
			};
			name = Debug;
		};
		9D94D02D2021B57800CFDC22 /* Release */ = {
			isa = XCBuildConfiguration;
			baseConfigurationReference = 751C7B50C9E961BEAD6D68A8 /* Pods-tumblrfeed.release.xcconfig */;
			buildSettings = {
				ASSETCATALOG_COMPILER_APPICON_NAME = AppIcon;
				CODE_SIGN_STYLE = Automatic;
				INFOPLIST_FILE = tumblrfeed/Info.plist;
				LD_RUNPATH_SEARCH_PATHS = "$(inherited) @executable_path/Frameworks";
				PRODUCT_BUNDLE_IDENTIFIER = com.codepath.tumblrfeed;
				PRODUCT_NAME = "$(TARGET_NAME)";
				SWIFT_VERSION = 4.0;
				TARGETED_DEVICE_FAMILY = "1,2";
			};
			name = Release;
		};
		9D94D02F2021B57800CFDC22 /* Debug */ = {
			isa = XCBuildConfiguration;
			baseConfigurationReference = D7277038355DBE39FB29E38F /* Pods-tumblrfeedTests.debug.xcconfig */;
			buildSettings = {
				ALWAYS_EMBED_SWIFT_STANDARD_LIBRARIES = YES;
				BUNDLE_LOADER = "$(TEST_HOST)";
				CODE_SIGN_STYLE = Automatic;
				INFOPLIST_FILE = tumblrfeedTests/Info.plist;
				LD_RUNPATH_SEARCH_PATHS = "$(inherited) @executable_path/Frameworks @loader_path/Frameworks";
				PRODUCT_BUNDLE_IDENTIFIER = com.codepath.tumblrfeedTests;
				PRODUCT_NAME = "$(TARGET_NAME)";
				SWIFT_VERSION = 4.0;
				TARGETED_DEVICE_FAMILY = "1,2";
				TEST_HOST = "$(BUILT_PRODUCTS_DIR)/tumblrfeed.app/tumblrfeed";
			};
			name = Debug;
		};
		9D94D0302021B57800CFDC22 /* Release */ = {
			isa = XCBuildConfiguration;
			baseConfigurationReference = 7AC8427B2359D677398600DE /* Pods-tumblrfeedTests.release.xcconfig */;
			buildSettings = {
				ALWAYS_EMBED_SWIFT_STANDARD_LIBRARIES = YES;
				BUNDLE_LOADER = "$(TEST_HOST)";
				CODE_SIGN_STYLE = Automatic;
				INFOPLIST_FILE = tumblrfeedTests/Info.plist;
				LD_RUNPATH_SEARCH_PATHS = "$(inherited) @executable_path/Frameworks @loader_path/Frameworks";
				PRODUCT_BUNDLE_IDENTIFIER = com.codepath.tumblrfeedTests;
				PRODUCT_NAME = "$(TARGET_NAME)";
				SWIFT_VERSION = 4.0;
				TARGETED_DEVICE_FAMILY = "1,2";
				TEST_HOST = "$(BUILT_PRODUCTS_DIR)/tumblrfeed.app/tumblrfeed";
			};
			name = Release;
		};
		9D94D0322021B57800CFDC22 /* Debug */ = {
			isa = XCBuildConfiguration;
			baseConfigurationReference = EA85D8D7C8602A770E228D66 /* Pods-tumblrfeedUITests.debug.xcconfig */;
			buildSettings = {
				ALWAYS_EMBED_SWIFT_STANDARD_LIBRARIES = YES;
				CODE_SIGN_STYLE = Automatic;
				INFOPLIST_FILE = tumblrfeedUITests/Info.plist;
				LD_RUNPATH_SEARCH_PATHS = "$(inherited) @executable_path/Frameworks @loader_path/Frameworks";
				PRODUCT_BUNDLE_IDENTIFIER = com.codepath.tumblrfeedUITests;
				PRODUCT_NAME = "$(TARGET_NAME)";
				SWIFT_VERSION = 4.0;
				TARGETED_DEVICE_FAMILY = "1,2";
				TEST_TARGET_NAME = tumblrfeed;
			};
			name = Debug;
		};
		9D94D0332021B57800CFDC22 /* Release */ = {
			isa = XCBuildConfiguration;
			baseConfigurationReference = A2F2196C8B33CCACA09E13CC /* Pods-tumblrfeedUITests.release.xcconfig */;
			buildSettings = {
				ALWAYS_EMBED_SWIFT_STANDARD_LIBRARIES = YES;
				CODE_SIGN_STYLE = Automatic;
				INFOPLIST_FILE = tumblrfeedUITests/Info.plist;
				LD_RUNPATH_SEARCH_PATHS = "$(inherited) @executable_path/Frameworks @loader_path/Frameworks";
				PRODUCT_BUNDLE_IDENTIFIER = com.codepath.tumblrfeedUITests;
				PRODUCT_NAME = "$(TARGET_NAME)";
				SWIFT_VERSION = 4.0;
				TARGETED_DEVICE_FAMILY = "1,2";
				TEST_TARGET_NAME = tumblrfeed;
			};
			name = Release;
		};
/* End XCBuildConfiguration section */

/* Begin XCConfigurationList section */
		9D94CFFE2021B57800CFDC22 /* Build configuration list for PBXProject "tumblrfeed" */ = {
			isa = XCConfigurationList;
			buildConfigurations = (
				9D94D0292021B57800CFDC22 /* Debug */,
				9D94D02A2021B57800CFDC22 /* Release */,
			);
			defaultConfigurationIsVisible = 0;
			defaultConfigurationName = Release;
		};
		9D94D02B2021B57800CFDC22 /* Build configuration list for PBXNativeTarget "tumblrfeed" */ = {
			isa = XCConfigurationList;
			buildConfigurations = (
				9D94D02C2021B57800CFDC22 /* Debug */,
				9D94D02D2021B57800CFDC22 /* Release */,
			);
			defaultConfigurationIsVisible = 0;
			defaultConfigurationName = Release;
		};
		9D94D02E2021B57800CFDC22 /* Build configuration list for PBXNativeTarget "tumblrfeedTests" */ = {
			isa = XCConfigurationList;
			buildConfigurations = (
				9D94D02F2021B57800CFDC22 /* Debug */,
				9D94D0302021B57800CFDC22 /* Release */,
			);
			defaultConfigurationIsVisible = 0;
			defaultConfigurationName = Release;
		};
		9D94D0312021B57800CFDC22 /* Build configuration list for PBXNativeTarget "tumblrfeedUITests" */ = {
			isa = XCConfigurationList;
			buildConfigurations = (
				9D94D0322021B57800CFDC22 /* Debug */,
				9D94D0332021B57800CFDC22 /* Release */,
			);
			defaultConfigurationIsVisible = 0;
			defaultConfigurationName = Release;
		};
/* End XCConfigurationList section */
	};
	rootObject = 9D94CFFB2021B57800CFDC22 /* Project object */;
}
